
Microsoft Visual Studio Solution File, Format Version 12.00
# Visual Studio Version 16
VisualStudioVersion = 25.0.1706.5
MinimumVisualStudioVersion = 10.0.40219.1
Project("{FAE04EC0-301F-11D3-BF4B-00C04F79EFBC}") = "WorkoutAPI", "WorkoutAPI\WorkoutAPI.csproj", "{0F4981C9-366E-42B4-BA9C-AA6BA01B1E8A}"
EndProject
Global
	GlobalSection(SolutionConfigurationPlatforms) = preSolution
		Debug|Any CPU = Debug|Any CPU
		Release|Any CPU = Release|Any CPU
	EndGlobalSection
	GlobalSection(ProjectConfigurationPlatforms) = postSolution
		{0F4981C9-366E-42B4-BA9C-AA6BA01B1E8A}.Debug|Any CPU.ActiveCfg = Debug|Any CPU
		{0F4981C9-366E-42B4-BA9C-AA6BA01B1E8A}.Debug|Any CPU.Build.0 = Debug|Any CPU
		{0F4981C9-366E-42B4-BA9C-AA6BA01B1E8A}.Release|Any CPU.ActiveCfg = Release|Any CPU
		{0F4981C9-366E-42B4-BA9C-AA6BA01B1E8A}.Release|Any CPU.Build.0 = Release|Any CPU
	EndGlobalSection
	GlobalSection(SolutionProperties) = preSolution
		HideSolutionNode = FALSE
	EndGlobalSection
	GlobalSection(ExtensibilityGlobals) = postSolution
		SolutionGuid = {924F4C7B-CBEE-4EB6-831D-51053EBD79A9}
	EndGlobalSection
EndGlobal
